lockfileVersion: '9.0'

settings:
  autoInstallPeers: true
  excludeLinksFromLockfile: false

importers:

  .:
    dependencies:
      '@babel/standalone':
        specifier: ^7.24.4
        version: 7.24.6
      js-interpreter:
        specifier: ^5.1.1
        version: 5.1.1
      lodash-es:
        specifier: ^4.17.21
        version: 4.17.21
    devDependencies:
      '@types/babel__standalone':
        specifier: ^7.1.7
        version: 7.1.7
      '@types/lodash-es':
        specifier: ^4.17.12
        version: 4.17.12
      cross-env:
        specifier: ^7.0.3
        version: 7.0.3
      esbuild:
        specifier: ^0.21.4
        version: 0.21.4
      fs-extra:
        specifier: ^11.2.0
        version: 11.2.0
      source-map-support:
        specifier: ^0.5.21
        version: 0.5.21

packages:

  '@babel/helper-string-parser@7.24.6':
    resolution: {integrity: sha512-WdJjwMEkmBicq5T9fm/cHND3+UlFa2Yj8ALLgmoSQAJZysYbBjw+azChSGPN4DSPLXOcooGRvDwZWMcF/mLO2Q==}
    engines: {node: '>=6.9.0'}

  '@babel/helper-validator-identifier@7.24.6':
    resolution: {integrity: sha512-4yA7s865JHaqUdRbnaxarZREuPTHrjpDT+pXoAZ1yhyo6uFnIEpS8VMu16siFOHDpZNKYv5BObhsB//ycbICyw==}
    engines: {node: '>=6.9.0'}

  '@babel/parser@7.24.6':
    resolution: {integrity: sha512-eNZXdfU35nJC2h24RznROuOpO94h6x8sg9ju0tT9biNtLZ2vuP8SduLqqV+/8+cebSLV9SJEAN5Z3zQbJG/M+Q==}
    engines: {node: '>=6.0.0'}
    hasBin: true

  '@babel/standalone@7.24.6':
    resolution: {integrity: sha512-ch8nbtobUPLvSLKdG2s8pVAqS1zUc+mt7UE9k8/xpupvETbAFOaoqo0QcpgVD/f0xkMkbUnqedVY5eeVWOqtjw==}
    engines: {node: '>=6.9.0'}

  '@babel/types@7.24.6':
    resolution: {integrity: sha512-WaMsgi6Q8zMgMth93GvWPXkhAIEobfsIkLTacoVZoK1J0CevIPGYY2Vo5YvJGqyHqXM6P4ppOYGsIRU8MM9pFQ==}
    engines: {node: '>=6.9.0'}

  '@esbuild/aix-ppc64@0.21.4':
    resolution: {integrity: sha512-Zrm+B33R4LWPLjDEVnEqt2+SLTATlru1q/xYKVn8oVTbiRBGmK2VIMoIYGJDGyftnGaC788IuzGFAlb7IQ0Y8A==}
    engines: {node: '>=12'}
    cpu: [ppc64]
    os: [aix]

  '@esbuild/android-arm64@0.21.4':
    resolution: {integrity: sha512-fYFnz+ObClJ3dNiITySBUx+oNalYUT18/AryMxfovLkYWbutXsct3Wz2ZWAcGGppp+RVVX5FiXeLYGi97umisA==}
    engines: {node: '>=12'}
    cpu: [arm64]
    os: [android]

  '@esbuild/android-arm@0.21.4':
    resolution: {integrity: sha512-E7H/yTd8kGQfY4z9t3nRPk/hrhaCajfA3YSQSBrst8B+3uTcgsi8N+ZWYCaeIDsiVs6m65JPCaQN/DxBRclF3A==}
    engines: {node: '>=12'}
    cpu: [arm]
    os: [android]

  '@esbuild/android-x64@0.21.4':
    resolution: {integrity: sha512-mDqmlge3hFbEPbCWxp4fM6hqq7aZfLEHZAKGP9viq9wMUBVQx202aDIfc3l+d2cKhUJM741VrCXEzRFhPDKH3Q==}
    engines: {node: '>=12'}
    cpu: [x64]
    os: [android]

  '@esbuild/darwin-arm64@0.21.4':
    resolution: {integrity: sha512-72eaIrDZDSiWqpmCzVaBD58c8ea8cw/U0fq/PPOTqE3c53D0xVMRt2ooIABZ6/wj99Y+h4ksT/+I+srCDLU9TA==}
    engines: {node: '>=12'}
    cpu: [arm64]
    os: [darwin]

  '@esbuild/darwin-x64@0.21.4':
    resolution: {integrity: sha512-uBsuwRMehGmw1JC7Vecu/upOjTsMhgahmDkWhGLWxIgUn2x/Y4tIwUZngsmVb6XyPSTXJYS4YiASKPcm9Zitag==}
    engines: {node: '>=12'}
    cpu: [x64]
    os: [darwin]

  '@esbuild/freebsd-arm64@0.21.4':
    resolution: {integrity: sha512-8JfuSC6YMSAEIZIWNL3GtdUT5NhUA/CMUCpZdDRolUXNAXEE/Vbpe6qlGLpfThtY5NwXq8Hi4nJy4YfPh+TwAg==}
    engines: {node: '>=12'}
    cpu: [arm64]
    os: [freebsd]

  '@esbuild/freebsd-x64@0.21.4':
    resolution: {integrity: sha512-8d9y9eQhxv4ef7JmXny7591P/PYsDFc4+STaxC1GBv0tMyCdyWfXu2jBuqRsyhY8uL2HU8uPyscgE2KxCY9imQ==}
    engines: {node: '>=12'}
    cpu: [x64]
    os: [freebsd]

  '@esbuild/linux-arm64@0.21.4':
    resolution: {integrity: sha512-/GLD2orjNU50v9PcxNpYZi+y8dJ7e7/LhQukN3S4jNDXCKkyyiyAz9zDw3siZ7Eh1tRcnCHAo/WcqKMzmi4eMQ==}
    engines: {node: '>=12'}
    cpu: [arm64]
    os: [linux]

  '@esbuild/linux-arm@0.21.4':
    resolution: {integrity: sha512-2rqFFefpYmpMs+FWjkzSgXg5vViocqpq5a1PSRgT0AvSgxoXmGF17qfGAzKedg6wAwyM7UltrKVo9kxaJLMF/g==}
    engines: {node: '>=12'}
    cpu: [arm]
    os: [linux]

  '@esbuild/linux-ia32@0.21.4':
    resolution: {integrity: sha512-pNftBl7m/tFG3t2m/tSjuYeWIffzwAZT9m08+9DPLizxVOsUl8DdFzn9HvJrTQwe3wvJnwTdl92AonY36w/25g==}
    engines: {node: '>=12'}
    cpu: [ia32]
    os: [linux]

  '@esbuild/linux-loong64@0.21.4':
    resolution: {integrity: sha512-cSD2gzCK5LuVX+hszzXQzlWya6c7hilO71L9h4KHwqI4qeqZ57bAtkgcC2YioXjsbfAv4lPn3qe3b00Zt+jIfQ==}
    engines: {node: '>=12'}
    cpu: [loong64]
    os: [linux]

  '@esbuild/linux-mips64el@0.21.4':
    resolution: {integrity: sha512-qtzAd3BJh7UdbiXCrg6npWLYU0YpufsV9XlufKhMhYMJGJCdfX/G6+PNd0+v877X1JG5VmjBLUiFB0o8EUSicA==}
    engines: {node: '>=12'}
    cpu: [mips64el]
    os: [linux]

  '@esbuild/linux-ppc64@0.21.4':
    resolution: {integrity: sha512-yB8AYzOTaL0D5+2a4xEy7OVvbcypvDR05MsB/VVPVA7nL4hc5w5Dyd/ddnayStDgJE59fAgNEOdLhBxjfx5+dg==}
    engines: {node: '>=12'}
    cpu: [ppc64]
    os: [linux]

  '@esbuild/linux-riscv64@0.21.4':
    resolution: {integrity: sha512-Y5AgOuVzPjQdgU59ramLoqSSiXddu7F3F+LI5hYy/d1UHN7K5oLzYBDZe23QmQJ9PIVUXwOdKJ/jZahPdxzm9w==}
    engines: {node: '>=12'}
    cpu: [riscv64]
    os: [linux]

  '@esbuild/linux-s390x@0.21.4':
    resolution: {integrity: sha512-Iqc/l/FFwtt8FoTK9riYv9zQNms7B8u+vAI/rxKuN10HgQIXaPzKZc479lZ0x6+vKVQbu55GdpYpeNWzjOhgbA==}
    engines: {node: '>=12'}
    cpu: [s390x]
    os: [linux]

  '@esbuild/linux-x64@0.21.4':
    resolution: {integrity: sha512-Td9jv782UMAFsuLZINfUpoF5mZIbAj+jv1YVtE58rFtfvoKRiKSkRGQfHTgKamLVT/fO7203bHa3wU122V/Bdg==}
    engines: {node: '>=12'}
    cpu: [x64]
    os: [linux]

  '@esbuild/netbsd-x64@0.21.4':
    resolution: {integrity: sha512-Awn38oSXxsPMQxaV0Ipb7W/gxZtk5Tx3+W+rAPdZkyEhQ6968r9NvtkjhnhbEgWXYbgV+JEONJ6PcdBS+nlcpA==}
    engines: {node: '>=12'}
    cpu: [x64]
    os: [netbsd]

  '@esbuild/openbsd-x64@0.21.4':
    resolution: {integrity: sha512-IsUmQeCY0aU374R82fxIPu6vkOybWIMc3hVGZ3ChRwL9hA1TwY+tS0lgFWV5+F1+1ssuvvXt3HFqe8roCip8Hg==}
    engines: {node: '>=12'}
    cpu: [x64]
    os: [openbsd]

  '@esbuild/sunos-x64@0.21.4':
    resolution: {integrity: sha512-hsKhgZ4teLUaDA6FG/QIu2q0rI6I36tZVfM4DBZv3BG0mkMIdEnMbhc4xwLvLJSS22uWmaVkFkqWgIS0gPIm+A==}
    engines: {node: '>=12'}
    cpu: [x64]
    os: [sunos]

  '@esbuild/win32-arm64@0.21.4':
    resolution: {integrity: sha512-UUfMgMoXPoA/bvGUNfUBFLCh0gt9dxZYIx9W4rfJr7+hKe5jxxHmfOK8YSH4qsHLLN4Ck8JZ+v7Q5fIm1huErg==}
    engines: {node: '>=12'}
    cpu: [arm64]
    os: [win32]

  '@esbuild/win32-ia32@0.21.4':
    resolution: {integrity: sha512-yIxbspZb5kGCAHWm8dexALQ9en1IYDfErzjSEq1KzXFniHv019VT3mNtTK7t8qdy4TwT6QYHI9sEZabONHg+aw==}
    engines: {node: '>=12'}
    cpu: [ia32]
    os: [win32]

  '@esbuild/win32-x64@0.21.4':
    resolution: {integrity: sha512-sywLRD3UK/qRJt0oBwdpYLBibk7KiRfbswmWRDabuncQYSlf8aLEEUor/oP6KRz8KEG+HoiVLBhPRD5JWjS8Sg==}
    engines: {node: '>=12'}
    cpu: [x64]
    os: [win32]

  '@types/babel__core@7.20.5':
    resolution: {integrity: sha512-qoQprZvz5wQFJwMDqeseRXWv3rqMvhgpbXFfVyWhbx9X47POIA6i/+dXefEmZKoAgOaTdaIgNSMqMIU61yRyzA==}

  '@types/babel__generator@7.6.8':
    resolution: {integrity: sha512-ASsj+tpEDsEiFr1arWrlN6V3mdfjRMZt6LtK/Vp/kreFLnr5QH5+DhvD5nINYZXzwJvXeGq+05iUXcAzVrqWtw==}

  '@types/babel__standalone@7.1.7':
    resolution: {integrity: sha512-4RUJX9nWrP/emaZDzxo/+RYW8zzLJTXWJyp2k78HufG459HCz754hhmSymt3VFOU6/Wy+IZqfPvToHfLuGOr7w==}

  '@types/babel__template@7.4.4':
    resolution: {integrity: sha512-h/NUaSyG5EyxBIp8YRxo4RMe2/qQgvyowRwVMzhYhBCONbW8PUsg4lkFMrhgZhUe5z3L3MiLDuvyJ/CaPa2A8A==}

  '@types/babel__traverse@7.20.6':
    resolution: {integrity: sha512-r1bzfrm0tomOI8g1SzvCaQHo6Lcv6zu0EA+W2kHrt8dyrHQxGzBBL4kdkzIS+jBMV+EYcMAEAqXqYaLJq5rOZg==}

  '@types/lodash-es@4.17.12':
    resolution: {integrity: sha512-0NgftHUcV4v34VhXm8QBSftKVXtbkBG3ViCjs6+eJ5a6y6Mi/jiFGPc1sC7QK+9BFhWrURE3EOggmWaSxL9OzQ==}

  '@types/lodash@4.17.4':
    resolution: {integrity: sha512-wYCP26ZLxaT3R39kiN2+HcJ4kTd3U1waI/cY7ivWYqFP6pW3ZNpvi6Wd6PHZx7T/t8z0vlkXMg3QYLa7DZ/IJQ==}

  buffer-from@1.1.2:
    resolution: {integrity: sha512-E+XQCRwSbaaiChtv6k6Dwgc+bx+Bs6vuKJHHl5kox/BaKbhiXzqQOwK4cO22yElGp2OCmjwVhT3HmxgyPGnJfQ==}

  cross-env@7.0.3:
    resolution: {integrity: sha512-+/HKd6EgcQCJGh2PSjZuUitQBQynKor4wrFbRg4DtAgS1aWO+gU52xpH7M9ScGgXSYmAVS9bIJ8EzuaGw0oNAw==}
    engines: {node: '>=10.14', npm: '>=6', yarn: '>=1'}
    hasBin: true

  cross-spawn@7.0.3:
    resolution: {integrity: sha512-iRDPJKUPVEND7dHPO8rkbOnPpyDygcDFtWjpeWNCgy8WP2rXcxXL8TskReQl6OrB2G7+UJrags1q15Fudc7G6w==}
    engines: {node: '>= 8'}

  esbuild@0.21.4:
    resolution: {integrity: sha512-sFMcNNrj+Q0ZDolrp5pDhH0nRPN9hLIM3fRPwgbLYJeSHHgnXSnbV3xYgSVuOeLWH9c73VwmEverVzupIv5xuA==}
    engines: {node: '>=12'}
    hasBin: true

  fs-extra@11.2.0:
    resolution: {integrity: sha512-PmDi3uwK5nFuXh7XDTlVnS17xJS7vW36is2+w3xcv8SVxiB4NyATf4ctkVY5bkSjX0Y4nbvZCq1/EjtEyr9ktw==}
    engines: {node: '>=14.14'}

  graceful-fs@4.2.11:
    resolution: {integrity: sha512-RbJ5/jmFcNNCcDV5o9eTnBLJ/HszWV0P73bc+Ff4nS/rJj+YaS6IGyiOL0VoBYX+l1Wrl3k63h/KrH+nhJ0XvQ==}

  isexe@2.0.0:
    resolution: {integrity: sha512-RHxMLp9lnKHGHRng9QFhRCMbYAcVpn69smSGcq3f36xjgVVWThj4qqLbTLlq7Ssj8B+fIQ1EuCEGI2lKsyQeIw==}

  js-interpreter@5.1.1:
    resolution: {integrity: sha512-LsN3y0ja1UUUOmxxaK2ikEVLqdR1hZjixNg5UDWtFao2BxjM6AWVah45SpRtntPiQdhWmpfl/rHKA32JqZ7RjA==}
    hasBin: true

  jsonfile@6.1.0:
    resolution: {integrity: sha512-5dgndWOriYSm5cnYaJNhalLNDKOqFwyDB/rr1E9ZsGciGvKPs8R2xYGCacuf3z6K1YKDz182fd+fY3cn3pMqXQ==}

  lodash-es@4.17.21:
    resolution: {integrity: sha512-mKnC+QJ9pWVzv+C4/U3rRsHapFfHvQFoFB92e52xeyGMcX6/OlIl78je1u8vePzYZSkkogMPJ2yjxxsb89cxyw==}

  minimist@1.2.8:
    resolution: {integrity: sha512-2yyAR8qBkN3YuheJanUpWC5U3bb5osDywNB8RzDVlDwDHbocAJveqqj1u8+SVD7jkWT4yvsHCpWqqWqAxb0zCA==}

  path-key@3.1.1:
    resolution: {integrity: sha512-ojmeN0qd+y0jszEtoY48r0Peq5dwMEkIlCOu6Q5f41lfkswXuKtYrhgoTpLnyIcHm24Uhqx+5Tqm2InSwLhE6Q==}
    engines: {node: '>=8'}

  shebang-command@2.0.0:
    resolution: {integrity: sha512-kHxr2zZpYtdmrN1qDjrrX/Z1rR1kG8Dx+gkpK1G4eXmvXswmcE1hTWBWYUzlraYw1/yZp6YuDY77YtvbN0dmDA==}
    engines: {node: '>=8'}

  shebang-regex@3.0.0:
    resolution: {integrity: sha512-7++dFhtcx3353uBaq8DDR4NuxBetBzC7ZQOhmTQInHEd6bSrXdiEyzCvG07Z44UYdLShWUyXt5M/yhz8ekcb1A==}
    engines: {node: '>=8'}

  source-map-support@0.5.21:
    resolution: {integrity: sha512-uBHU3L3czsIyYXKX88fdrGovxdSCoTGDRZ6SYXtSRxLZUzHg5P/66Ht6uoUlHu9EZod+inXhKo3qQgwXUT/y1w==}

  source-map@0.6.1:
    resolution: {integrity: sha512-UjgapumWlbMhkBgzT7Ykc5YXUT46F0iKu8SGXq0bcwP5dz/h0Plj6enJqjz1Zbq2l5WaqYnrVbwWOWMyF3F47g==}
    engines: {node: '>=0.10.0'}

  to-fast-properties@2.0.0:
    resolution: {integrity: sha512-/OaKK0xYrs3DmxRYqL/yDc+FxFUVYhDlXMhRmv3z915w2HF1tnN1omB354j8VUGO/hbRzyD6Y3sA7v7GS/ceog==}
    engines: {node: '>=4'}

  universalify@2.0.1:
    resolution: {integrity: sha512-gptHNQghINnc/vTGIk0SOFGFNXw7JVrlRUtConJRlvaw6DuX0wO5Jeko9sWrMBhh+PsYAZ7oXAiOnf/UKogyiw==}
    engines: {node: '>= 10.0.0'}

  which@2.0.2:
    resolution: {integrity: sha512-BLI3Tl1TW3Pvl70l3yq3Y64i+awpwXqsGBYWkkqMtnbXgrMD+yj7rhW0kuEDxzJaYXGjEW5ogapKNMEKNMjibA==}
    engines: {node: '>= 8'}
    hasBin: true

snapshots:

  '@babel/helper-string-parser@7.24.6': {}

  '@babel/helper-validator-identifier@7.24.6': {}

  '@babel/parser@7.24.6':
    dependencies:
      '@babel/types': 7.24.6

  '@babel/standalone@7.24.6': {}

  '@babel/types@7.24.6':
    dependencies:
      '@babel/helper-string-parser': 7.24.6
      '@babel/helper-validator-identifier': 7.24.6
      to-fast-properties: 2.0.0

  '@esbuild/aix-ppc64@0.21.4':
    optional: true

  '@esbuild/android-arm64@0.21.4':
    optional: true

  '@esbuild/android-arm@0.21.4':
    optional: true

  '@esbuild/android-x64@0.21.4':
    optional: true

  '@esbuild/darwin-arm64@0.21.4':
    optional: true

  '@esbuild/darwin-x64@0.21.4':
    optional: true

  '@esbuild/freebsd-arm64@0.21.4':
    optional: true

  '@esbuild/freebsd-x64@0.21.4':
    optional: true

  '@esbuild/linux-arm64@0.21.4':
    optional: true

  '@esbuild/linux-arm@0.21.4':
    optional: true

  '@esbuild/linux-ia32@0.21.4':
    optional: true

  '@esbuild/linux-loong64@0.21.4':
    optional: true

  '@esbuild/linux-mips64el@0.21.4':
    optional: true

  '@esbuild/linux-ppc64@0.21.4':
    optional: true

  '@esbuild/linux-riscv64@0.21.4':
    optional: true

  '@esbuild/linux-s390x@0.21.4':
    optional: true

  '@esbuild/linux-x64@0.21.4':
    optional: true

  '@esbuild/netbsd-x64@0.21.4':
    optional: true

  '@esbuild/openbsd-x64@0.21.4':
    optional: true

  '@esbuild/sunos-x64@0.21.4':
    optional: true

  '@esbuild/win32-arm64@0.21.4':
    optional: true

  '@esbuild/win32-ia32@0.21.4':
    optional: true

  '@esbuild/win32-x64@0.21.4':
    optional: true

  '@types/babel__core@7.20.5':
    dependencies:
      '@babel/parser': 7.24.6
      '@babel/types': 7.24.6
      '@types/babel__generator': 7.6.8
      '@types/babel__template': 7.4.4
      '@types/babel__traverse': 7.20.6

  '@types/babel__generator@7.6.8':
    dependencies:
      '@babel/types': 7.24.6

  '@types/babel__standalone@7.1.7':
    dependencies:
      '@types/babel__core': 7.20.5

  '@types/babel__template@7.4.4':
    dependencies:
      '@babel/parser': 7.24.6
      '@babel/types': 7.24.6

  '@types/babel__traverse@7.20.6':
    dependencies:
      '@babel/types': 7.24.6

  '@types/lodash-es@4.17.12':
    dependencies:
      '@types/lodash': 4.17.4

  '@types/lodash@4.17.4': {}

  buffer-from@1.1.2: {}

  cross-env@7.0.3:
    dependencies:
      cross-spawn: 7.0.3

  cross-spawn@7.0.3:
    dependencies:
      path-key: 3.1.1
      shebang-command: 2.0.0
      which: 2.0.2

  esbuild@0.21.4:
    optionalDependencies:
      '@esbuild/aix-ppc64': 0.21.4
      '@esbuild/android-arm': 0.21.4
      '@esbuild/android-arm64': 0.21.4
      '@esbuild/android-x64': 0.21.4
      '@esbuild/darwin-arm64': 0.21.4
      '@esbuild/darwin-x64': 0.21.4
      '@esbuild/freebsd-arm64': 0.21.4
      '@esbuild/freebsd-x64': 0.21.4
      '@esbuild/linux-arm': 0.21.4
      '@esbuild/linux-arm64': 0.21.4
      '@esbuild/linux-ia32': 0.21.4
      '@esbuild/linux-loong64': 0.21.4
      '@esbuild/linux-mips64el': 0.21.4
      '@esbuild/linux-ppc64': 0.21.4
      '@esbuild/linux-riscv64': 0.21.4
      '@esbuild/linux-s390x': 0.21.4
      '@esbuild/linux-x64': 0.21.4
      '@esbuild/netbsd-x64': 0.21.4
      '@esbuild/openbsd-x64': 0.21.4
      '@esbuild/sunos-x64': 0.21.4
      '@esbuild/win32-arm64': 0.21.4
      '@esbuild/win32-ia32': 0.21.4
      '@esbuild/win32-x64': 0.21.4

  fs-extra@11.2.0:
    dependencies:
      graceful-fs: 4.2.11
      jsonfile: 6.1.0
      universalify: 2.0.1

  graceful-fs@4.2.11: {}

  isexe@2.0.0: {}

  js-interpreter@5.1.1:
    dependencies:
      minimist: 1.2.8

  jsonfile@6.1.0:
    dependencies:
      universalify: 2.0.1
    optionalDependencies:
      graceful-fs: 4.2.11

  lodash-es@4.17.21: {}

  minimist@1.2.8: {}

  path-key@3.1.1: {}

  shebang-command@2.0.0:
    dependencies:
      shebang-regex: 3.0.0

  shebang-regex@3.0.0: {}

  source-map-support@0.5.21:
    dependencies:
      buffer-from: 1.1.2
      source-map: 0.6.1

  source-map@0.6.1: {}

  to-fast-properties@2.0.0: {}

  universalify@2.0.1: {}

  which@2.0.2:
    dependencies:
      isexe: 2.0.0
